
Microsoft Visual Studio Solution File, Format Version 12.00
# Visual Studio 14
VisualStudioVersion = 14.0.25420.1
MinimumVisualStudioVersion = 10.0.40219.1
Project("{FAE04EC0-301F-11D3-BF4B-00C04F79EFBC}") = "TplDataFlow.Extensions", "TplDataFlow.Extensions\TplDataFlow.Extensions.csproj", "{6C3DF27A-610C-48B9-A815-CF1496CB5663}"
EndProject
Project("{FAE04EC0-301F-11D3-BF4B-00C04F79EFBC}") = "TplDataFlow.Extensions.Tests", "TplDataFlow.Extensions.Tests\TplDataFlow.Extensions.Tests.csproj", "{FF4C7BA8-A386-45D7-8970-6EE894F78AD6}"
EndProject
Project("{FAE04EC0-301F-11D3-BF4B-00C04F79EFBC}") = "EventProcessing", "Samples\EventProcessing\EventProcessing.csproj", "{2A6C3B20-C6B1-4AEC-B14A-EA163E70ABC3}"
EndProject
Project("{FAE04EC0-301F-11D3-BF4B-00C04F79EFBC}") = "EventProcessing.Tests", "Samples\EventProcessing.Tests\EventProcessing.Tests.csproj", "{B6F3AE23-5A35-406D-AA0C-FC91785E69CC}"
EndProject
Project("{2150E333-8FDC-42A3-9474-1A3956D46DE8}") = "Samples", "Samples", "{540D61D2-1DAD-476B-A505-43E434D36F0E}"
EndProject
Project("{FAE04EC0-301F-11D3-BF4B-00C04F79EFBC}") = "AsyncProcessing.Core", "AsyncProcessing.Core\AsyncProcessing.Core.csproj", "{7145B448-A3EB-4F44-9560-DD0E3CC147AB}"
EndProject
Project("{FAE04EC0-301F-11D3-BF4B-00C04F79EFBC}") = "AsyncProcessing.TplDataflow", "AsyncProcessing.TplDataflow\AsyncProcessing.TplDataflow.csproj", "{DE68DBFA-7C32-4B76-A8E2-DE78C406E179}"
EndProject
Project("{FAE04EC0-301F-11D3-BF4B-00C04F79EFBC}") = "Railway.Linq", "Railway.Linq\Railway.Linq.csproj", "{A90AFA32-26F3-4E80-B8E8-CEA8C6B61D9C}"
EndProject
Project("{FAE04EC0-301F-11D3-BF4B-00C04F79EFBC}") = "TplDataflow.Linq", "TplDataflow.Linq\TplDataflow.Linq.csproj", "{7E939908-2AD2-4587-BAA5-3390DEB1C52D}"
EndProject
Project("{FAE04EC0-301F-11D3-BF4B-00C04F79EFBC}") = "TplDataflow.Railway", "TplDataflow.Railway\TplDataflow.Railway.csproj", "{1ECBCB18-E9DD-42D8-BE49-37DDA28761B4}"
EndProject
Project("{FAE04EC0-301F-11D3-BF4B-00C04F79EFBC}") = "Dataflow.Core", "Dataflow.Core\Dataflow.Core.csproj", "{79C5A0F9-E9EC-4B45-8F84-6859C6E07522}"
EndProject
Project("{FAE04EC0-301F-11D3-BF4B-00C04F79EFBC}") = "Dataflow.Core.Tests", "Dataflow.Core.Tests\Dataflow.Core.Tests.csproj", "{54E4902A-C90A-4507-A41C-E709B476477D}"
EndProject
Project("{FAE04EC0-301F-11D3-BF4B-00C04F79EFBC}") = "Dataflow.Railway", "Dataflow.Railway\Dataflow.Railway.csproj", "{1BCFCF79-6205-49A2-A213-62A97A1D10FF}"
EndProject
Project("{FAE04EC0-301F-11D3-BF4B-00C04F79EFBC}") = "Dataflow.Common", "Dataflow.Common\Dataflow.Common.csproj", "{F1028071-1661-426E-937B-209A3CDEF603}"
EndProject
Project("{FAE04EC0-301F-11D3-BF4B-00C04F79EFBC}") = "AsyncProcessing.Dataflow", "AsyncProcessing.Dataflow\AsyncProcessing.Dataflow.csproj", "{EB5B2262-B1A7-4B36-9248-1A8D608BC6E7}"
EndProject
Project("{FAE04EC0-301F-11D3-BF4B-00C04F79EFBC}") = "Dataflow.TplDataflow", "Dataflow.TplDataflow\Dataflow.TplDataflow.csproj", "{32D18F4A-5FF9-4E18-B3A1-3FCEA6B5F716}"
EndProject
Global
	GlobalSection(SolutionConfigurationPlatforms) = preSolution
		Debug|Any CPU = Debug|Any CPU
		Release|Any CPU = Release|Any CPU
	EndGlobalSection
	GlobalSection(ProjectConfigurationPlatforms) = postSolution
		{6C3DF27A-610C-48B9-A815-CF1496CB5663}.Debug|Any CPU.ActiveCfg = Debug|Any CPU
		{6C3DF27A-610C-48B9-A815-CF1496CB5663}.Debug|Any CPU.Build.0 = Debug|Any CPU
		{6C3DF27A-610C-48B9-A815-CF1496CB5663}.Release|Any CPU.ActiveCfg = Release|Any CPU
		{6C3DF27A-610C-48B9-A815-CF1496CB5663}.Release|Any CPU.Build.0 = Release|Any CPU
		{FF4C7BA8-A386-45D7-8970-6EE894F78AD6}.Debug|Any CPU.ActiveCfg = Debug|Any CPU
		{FF4C7BA8-A386-45D7-8970-6EE894F78AD6}.Debug|Any CPU.Build.0 = Debug|Any CPU
		{FF4C7BA8-A386-45D7-8970-6EE894F78AD6}.Release|Any CPU.ActiveCfg = Release|Any CPU
		{FF4C7BA8-A386-45D7-8970-6EE894F78AD6}.Release|Any CPU.Build.0 = Release|Any CPU
		{2A6C3B20-C6B1-4AEC-B14A-EA163E70ABC3}.Debug|Any CPU.ActiveCfg = Debug|Any CPU
		{2A6C3B20-C6B1-4AEC-B14A-EA163E70ABC3}.Debug|Any CPU.Build.0 = Debug|Any CPU
		{2A6C3B20-C6B1-4AEC-B14A-EA163E70ABC3}.Release|Any CPU.ActiveCfg = Release|Any CPU
		{2A6C3B20-C6B1-4AEC-B14A-EA163E70ABC3}.Release|Any CPU.Build.0 = Release|Any CPU
		{B6F3AE23-5A35-406D-AA0C-FC91785E69CC}.Debug|Any CPU.ActiveCfg = Debug|Any CPU
		{B6F3AE23-5A35-406D-AA0C-FC91785E69CC}.Debug|Any CPU.Build.0 = Debug|Any CPU
		{B6F3AE23-5A35-406D-AA0C-FC91785E69CC}.Release|Any CPU.ActiveCfg = Release|Any CPU
		{B6F3AE23-5A35-406D-AA0C-FC91785E69CC}.Release|Any CPU.Build.0 = Release|Any CPU
		{7145B448-A3EB-4F44-9560-DD0E3CC147AB}.Debug|Any CPU.ActiveCfg = Debug|Any CPU
		{7145B448-A3EB-4F44-9560-DD0E3CC147AB}.Debug|Any CPU.Build.0 = Debug|Any CPU
		{7145B448-A3EB-4F44-9560-DD0E3CC147AB}.Release|Any CPU.ActiveCfg = Release|Any CPU
		{7145B448-A3EB-4F44-9560-DD0E3CC147AB}.Release|Any CPU.Build.0 = Release|Any CPU
		{DE68DBFA-7C32-4B76-A8E2-DE78C406E179}.Debug|Any CPU.ActiveCfg = Debug|Any CPU
		{DE68DBFA-7C32-4B76-A8E2-DE78C406E179}.Debug|Any CPU.Build.0 = Debug|Any CPU
		{DE68DBFA-7C32-4B76-A8E2-DE78C406E179}.Release|Any CPU.ActiveCfg = Release|Any CPU
		{DE68DBFA-7C32-4B76-A8E2-DE78C406E179}.Release|Any CPU.Build.0 = Release|Any CPU
		{A90AFA32-26F3-4E80-B8E8-CEA8C6B61D9C}.Debug|Any CPU.ActiveCfg = Debug|Any CPU
		{A90AFA32-26F3-4E80-B8E8-CEA8C6B61D9C}.Debug|Any CPU.Build.0 = Debug|Any CPU
		{A90AFA32-26F3-4E80-B8E8-CEA8C6B61D9C}.Release|Any CPU.ActiveCfg = Release|Any CPU
		{A90AFA32-26F3-4E80-B8E8-CEA8C6B61D9C}.Release|Any CPU.Build.0 = Release|Any CPU
		{7E939908-2AD2-4587-BAA5-3390DEB1C52D}.Debug|Any CPU.ActiveCfg = Debug|Any CPU
		{7E939908-2AD2-4587-BAA5-3390DEB1C52D}.Debug|Any CPU.Build.0 = Debug|Any CPU
		{7E939908-2AD2-4587-BAA5-3390DEB1C52D}.Release|Any CPU.ActiveCfg = Release|Any CPU
		{7E939908-2AD2-4587-BAA5-3390DEB1C52D}.Release|Any CPU.Build.0 = Release|Any CPU
		{1ECBCB18-E9DD-42D8-BE49-37DDA28761B4}.Debug|Any CPU.ActiveCfg = Debug|Any CPU
		{1ECBCB18-E9DD-42D8-BE49-37DDA28761B4}.Debug|Any CPU.Build.0 = Debug|Any CPU
		{1ECBCB18-E9DD-42D8-BE49-37DDA28761B4}.Release|Any CPU.ActiveCfg = Release|Any CPU
		{1ECBCB18-E9DD-42D8-BE49-37DDA28761B4}.Release|Any CPU.Build.0 = Release|Any CPU
		{79C5A0F9-E9EC-4B45-8F84-6859C6E07522}.Debug|Any CPU.ActiveCfg = Debug|Any CPU
		{79C5A0F9-E9EC-4B45-8F84-6859C6E07522}.Debug|Any CPU.Build.0 = Debug|Any CPU
		{79C5A0F9-E9EC-4B45-8F84-6859C6E07522}.Release|Any CPU.ActiveCfg = Release|Any CPU
		{79C5A0F9-E9EC-4B45-8F84-6859C6E07522}.Release|Any CPU.Build.0 = Release|Any CPU
		{54E4902A-C90A-4507-A41C-E709B476477D}.Debug|Any CPU.ActiveCfg = Debug|Any CPU
		{54E4902A-C90A-4507-A41C-E709B476477D}.Debug|Any CPU.Build.0 = Debug|Any CPU
		{54E4902A-C90A-4507-A41C-E709B476477D}.Release|Any CPU.ActiveCfg = Release|Any CPU
		{54E4902A-C90A-4507-A41C-E709B476477D}.Release|Any CPU.Build.0 = Release|Any CPU
		{1BCFCF79-6205-49A2-A213-62A97A1D10FF}.Debug|Any CPU.ActiveCfg = Debug|Any CPU
		{1BCFCF79-6205-49A2-A213-62A97A1D10FF}.Debug|Any CPU.Build.0 = Debug|Any CPU
		{1BCFCF79-6205-49A2-A213-62A97A1D10FF}.Release|Any CPU.ActiveCfg = Release|Any CPU
		{1BCFCF79-6205-49A2-A213-62A97A1D10FF}.Release|Any CPU.Build.0 = Release|Any CPU
		{F1028071-1661-426E-937B-209A3CDEF603}.Debug|Any CPU.ActiveCfg = Debug|Any CPU
		{F1028071-1661-426E-937B-209A3CDEF603}.Debug|Any CPU.Build.0 = Debug|Any CPU
		{F1028071-1661-426E-937B-209A3CDEF603}.Release|Any CPU.ActiveCfg = Release|Any CPU
		{F1028071-1661-426E-937B-209A3CDEF603}.Release|Any CPU.Build.0 = Release|Any CPU
		{EB5B2262-B1A7-4B36-9248-1A8D608BC6E7}.Debug|Any CPU.ActiveCfg = Debug|Any CPU
		{EB5B2262-B1A7-4B36-9248-1A8D608BC6E7}.Debug|Any CPU.Build.0 = Debug|Any CPU
		{EB5B2262-B1A7-4B36-9248-1A8D608BC6E7}.Release|Any CPU.ActiveCfg = Release|Any CPU
		{EB5B2262-B1A7-4B36-9248-1A8D608BC6E7}.Release|Any CPU.Build.0 = Release|Any CPU
		{32D18F4A-5FF9-4E18-B3A1-3FCEA6B5F716}.Debug|Any CPU.ActiveCfg = Debug|Any CPU
		{32D18F4A-5FF9-4E18-B3A1-3FCEA6B5F716}.Debug|Any CPU.Build.0 = Debug|Any CPU
		{32D18F4A-5FF9-4E18-B3A1-3FCEA6B5F716}.Release|Any CPU.ActiveCfg = Release|Any CPU
		{32D18F4A-5FF9-4E18-B3A1-3FCEA6B5F716}.Release|Any CPU.Build.0 = Release|Any CPU
	EndGlobalSection
	GlobalSection(SolutionProperties) = preSolution
		HideSolutionNode = FALSE
	EndGlobalSection
	GlobalSection(NestedProjects) = preSolution
		{2A6C3B20-C6B1-4AEC-B14A-EA163E70ABC3} = {540D61D2-1DAD-476B-A505-43E434D36F0E}
		{B6F3AE23-5A35-406D-AA0C-FC91785E69CC} = {540D61D2-1DAD-476B-A505-43E434D36F0E}
	EndGlobalSection
EndGlobal
